
Microsoft Visual Studio Solution File, Format Version 12.00
# Visual Studio Version 16
VisualStudioVersion = 16.0.29613.14
MinimumVisualStudioVersion = 10.0.40219.1
Project("{FAE04EC0-301F-11D3-BF4B-00C04F79EFBC}") = "NullObjectPattern", "NullObjectPattern\NullObjectPattern.csproj", "{1E32768B-8A57-47E6-9A62-335E61B6CC0F}"
EndProject
Global
	GlobalSection(SolutionConfigurationPlatforms) = preSolution
		Debug|Any CPU = Debug|Any CPU
		Release|Any CPU = Release|Any CPU
	EndGlobalSection
	GlobalSection(ProjectConfigurationPlatforms) = postSolution
		{1E32768B-8A57-47E6-9A62-335E61B6CC0F}.Debug|Any CPU.ActiveCfg = Debug|Any CPU
		{1E32768B-8A57-47E6-9A62-335E61B6CC0F}.Debug|Any CPU.Build.0 = Debug|Any CPU
		{1E32768B-8A57-47E6-9A62-335E61B6CC0F}.Release|Any CPU.ActiveCfg = Release|Any CPU
		{1E32768B-8A57-47E6-9A62-335E61B6CC0F}.Release|Any CPU.Build.0 = Release|Any CPU
	EndGlobalSection
	GlobalSection(SolutionProperties) = preSolution
		HideSolutionNode = FALSE
	EndGlobalSection
	GlobalSection(ExtensibilityGlobals) = postSolution
		SolutionGuid = {767A1A3B-5EDC-432F-B164-31348C18F4EC}
	EndGlobalSection
EndGlobal
