
Microsoft Visual Studio Solution File, Format Version 12.00
# Visual Studio Version 16
VisualStudioVersion = 16.0.29613.14
MinimumVisualStudioVersion = 10.0.40219.1
Project("{FAE04EC0-301F-11D3-BF4B-00C04F79EFBC}") = "StrategyDynamicPattern", "StrategyDynamicPattern\StrategyDynamicPattern.csproj", "{6320F3B9-1822-4527-BD5E-0FC063592B2D}"
EndProject
Global
	GlobalSection(SolutionConfigurationPlatforms) = preSolution
		Debug|Any CPU = Debug|Any CPU
		Release|Any CPU = Release|Any CPU
	EndGlobalSection
	GlobalSection(ProjectConfigurationPlatforms) = postSolution
		{6320F3B9-1822-4527-BD5E-0FC063592B2D}.Debug|Any CPU.ActiveCfg = Debug|Any CPU
		{6320F3B9-1822-4527-BD5E-0FC063592B2D}.Debug|Any CPU.Build.0 = Debug|Any CPU
		{6320F3B9-1822-4527-BD5E-0FC063592B2D}.Release|Any CPU.ActiveCfg = Release|Any CPU
		{6320F3B9-1822-4527-BD5E-0FC063592B2D}.Release|Any CPU.Build.0 = Release|Any CPU
	EndGlobalSection
	GlobalSection(SolutionProperties) = preSolution
		HideSolutionNode = FALSE
	EndGlobalSection
	GlobalSection(ExtensibilityGlobals) = postSolution
		SolutionGuid = {97CDACD4-8EB3-44AE-BB43-2B124D16DDCF}
	EndGlobalSection
EndGlobal
