
Microsoft Visual Studio Solution File, Format Version 12.00
# Visual Studio Version 16
VisualStudioVersion = 16.0.29613.14
MinimumVisualStudioVersion = 10.0.40219.1
Project("{FAE04EC0-301F-11D3-BF4B-00C04F79EFBC}") = "ChainOfResponsibility", "ChainOfResponsibility\ChainOfResponsibility.csproj", "{C5C2E19D-669F-4199-BFB3-AC4AC95461BE}"
EndProject
Global
	GlobalSection(SolutionConfigurationPlatforms) = preSolution
		Debug|Any CPU = Debug|Any CPU
		Release|Any CPU = Release|Any CPU
	EndGlobalSection
	GlobalSection(ProjectConfigurationPlatforms) = postSolution
		{C5C2E19D-669F-4199-BFB3-AC4AC95461BE}.Debug|Any CPU.ActiveCfg = Debug|Any CPU
		{C5C2E19D-669F-4199-BFB3-AC4AC95461BE}.Debug|Any CPU.Build.0 = Debug|Any CPU
		{C5C2E19D-669F-4199-BFB3-AC4AC95461BE}.Release|Any CPU.ActiveCfg = Release|Any CPU
		{C5C2E19D-669F-4199-BFB3-AC4AC95461BE}.Release|Any CPU.Build.0 = Release|Any CPU
	EndGlobalSection
	GlobalSection(SolutionProperties) = preSolution
		HideSolutionNode = FALSE
	EndGlobalSection
	GlobalSection(ExtensibilityGlobals) = postSolution
		SolutionGuid = {FF165E62-DCCE-4E8F-A782-F9703C451880}
	EndGlobalSection
EndGlobal
