
Microsoft Visual Studio Solution File, Format Version 12.00
# Visual Studio Version 16
VisualStudioVersion = 16.0.29613.14
MinimumVisualStudioVersion = 10.0.40219.1
Project("{FAE04EC0-301F-11D3-BF4B-00C04F79EFBC}") = "ValueProxy", "ValueProxy\ValueProxy.csproj", "{466AA467-F2DB-4F7E-B998-BFDA3EDFA8BF}"
EndProject
Global
	GlobalSection(SolutionConfigurationPlatforms) = preSolution
		Debug|Any CPU = Debug|Any CPU
		Release|Any CPU = Release|Any CPU
	EndGlobalSection
	GlobalSection(ProjectConfigurationPlatforms) = postSolution
		{466AA467-F2DB-4F7E-B998-BFDA3EDFA8BF}.Debug|Any CPU.ActiveCfg = Debug|Any CPU
		{466AA467-F2DB-4F7E-B998-BFDA3EDFA8BF}.Debug|Any CPU.Build.0 = Debug|Any CPU
		{466AA467-F2DB-4F7E-B998-BFDA3EDFA8BF}.Release|Any CPU.ActiveCfg = Release|Any CPU
		{466AA467-F2DB-4F7E-B998-BFDA3EDFA8BF}.Release|Any CPU.Build.0 = Release|Any CPU
	EndGlobalSection
	GlobalSection(SolutionProperties) = preSolution
		HideSolutionNode = FALSE
	EndGlobalSection
	GlobalSection(ExtensibilityGlobals) = postSolution
		SolutionGuid = {9E3DD79C-07E9-42C8-A7AC-15E86D42999A}
	EndGlobalSection
EndGlobal
